# THIS IS AN AUTOGENERATED FILE. DO NOT EDIT THIS FILE DIRECTLY.
# yarn lockfile v1


immer@^5.3.0:
  version "5.3.0"
  resolved "https://registry.yarnpkg.com/immer/-/immer-5.3.0.tgz#4fd8328def4d2962f7082775764aa96063902850"
  integrity sha512-kx1vWMcIxGGg/3j4gTckWVc0buyxI4CC5usMDWE/7LXPK6Poxz1ivf0opC9Ma+G6/dN85F5y2SQ2xBFvdreh8Q==
